
Microsoft Visual Studio Solution File, Format Version 12.00
# Visual Studio Version 17
VisualStudioVersion = 17.7.34024.191
MinimumVisualStudioVersion = 10.0.40219.1
Project("{FAE04EC0-301F-11D3-BF4B-00C04F79EFBC}") = "Task1", "Task1\Task1.csproj", "{4170EBBA-EB3B-4EEB-AF2A-B4A977B426A6}"
EndProject
Project("{FAE04EC0-301F-11D3-BF4B-00C04F79EFBC}") = "Task2", "Task2\Task2.csproj", "{C6A9BDA5-B61B-4E36-B84F-4AA94144C88C}"
EndProject
Project("{FAE04EC0-301F-11D3-BF4B-00C04F79EFBC}") = "Task3-4", "Task3-4\Task3-4.csproj", "{EBF1A319-996C-4F1D-819F-FD9C8D5CD53B}"
EndProject
Project("{FAE04EC0-301F-11D3-BF4B-00C04F79EFBC}") = "DataClasses", "DataClasses\DataClasses.csproj", "{28126C6E-B58B-426C-B03A-7FAA0F10B05B}"
EndProject
Project("{FAE04EC0-301F-11D3-BF4B-00C04F79EFBC}") = "Task5", "Task5\Task5.csproj", "{26A4F0CD-8FA2-4AC6-A856-EA7AC342AF96}"
EndProject
Global
	GlobalSection(SolutionConfigurationPlatforms) = preSolution
		Debug|Any CPU = Debug|Any CPU
		Release|Any CPU = Release|Any CPU
	EndGlobalSection
	GlobalSection(ProjectConfigurationPlatforms) = postSolution
		{4170EBBA-EB3B-4EEB-AF2A-B4A977B426A6}.Debug|Any CPU.ActiveCfg = Debug|Any CPU
		{4170EBBA-EB3B-4EEB-AF2A-B4A977B426A6}.Debug|Any CPU.Build.0 = Debug|Any CPU
		{4170EBBA-EB3B-4EEB-AF2A-B4A977B426A6}.Release|Any CPU.ActiveCfg = Release|Any CPU
		{4170EBBA-EB3B-4EEB-AF2A-B4A977B426A6}.Release|Any CPU.Build.0 = Release|Any CPU
		{C6A9BDA5-B61B-4E36-B84F-4AA94144C88C}.Debug|Any CPU.ActiveCfg = Debug|Any CPU
		{C6A9BDA5-B61B-4E36-B84F-4AA94144C88C}.Debug|Any CPU.Build.0 = Debug|Any CPU
		{C6A9BDA5-B61B-4E36-B84F-4AA94144C88C}.Release|Any CPU.ActiveCfg = Release|Any CPU
		{C6A9BDA5-B61B-4E36-B84F-4AA94144C88C}.Release|Any CPU.Build.0 = Release|Any CPU
		{EBF1A319-996C-4F1D-819F-FD9C8D5CD53B}.Debug|Any CPU.ActiveCfg = Debug|Any CPU
		{EBF1A319-996C-4F1D-819F-FD9C8D5CD53B}.Debug|Any CPU.Build.0 = Debug|Any CPU
		{EBF1A319-996C-4F1D-819F-FD9C8D5CD53B}.Release|Any CPU.ActiveCfg = Release|Any CPU
		{EBF1A319-996C-4F1D-819F-FD9C8D5CD53B}.Release|Any CPU.Build.0 = Release|Any CPU
		{28126C6E-B58B-426C-B03A-7FAA0F10B05B}.Debug|Any CPU.ActiveCfg = Debug|Any CPU
		{28126C6E-B58B-426C-B03A-7FAA0F10B05B}.Debug|Any CPU.Build.0 = Debug|Any CPU
		{28126C6E-B58B-426C-B03A-7FAA0F10B05B}.Release|Any CPU.ActiveCfg = Release|Any CPU
		{28126C6E-B58B-426C-B03A-7FAA0F10B05B}.Release|Any CPU.Build.0 = Release|Any CPU
		{26A4F0CD-8FA2-4AC6-A856-EA7AC342AF96}.Debug|Any CPU.ActiveCfg = Debug|Any CPU
		{26A4F0CD-8FA2-4AC6-A856-EA7AC342AF96}.Debug|Any CPU.Build.0 = Debug|Any CPU
		{26A4F0CD-8FA2-4AC6-A856-EA7AC342AF96}.Release|Any CPU.ActiveCfg = Release|Any CPU
		{26A4F0CD-8FA2-4AC6-A856-EA7AC342AF96}.Release|Any CPU.Build.0 = Release|Any CPU
	EndGlobalSection
	GlobalSection(SolutionProperties) = preSolution
		HideSolutionNode = FALSE
	EndGlobalSection
	GlobalSection(ExtensibilityGlobals) = postSolution
		SolutionGuid = {9020423C-7427-4EF6-ADD4-CE900C777FED}
	EndGlobalSection
EndGlobal
